
Microsoft Visual Studio Solution File, Format Version 12.00
# Visual Studio Version 16
VisualStudioVersion = 16.0.29920.165
MinimumVisualStudioVersion = 10.0.40219.1
Project("{FAE04EC0-301F-11D3-BF4B-00C04F79EFBC}") = "TheCoffeMachine", "TheCoffeMachine\TheCoffeMachine.csproj", "{DC1040C0-F638-4294-BB64-232F9AACAD1F}"
EndProject
Global
	GlobalSection(SolutionConfigurationPlatforms) = preSolution
		Debug|Any CPU = Debug|Any CPU
		Release|Any CPU = Release|Any CPU
	EndGlobalSection
	GlobalSection(ProjectConfigurationPlatforms) = postSolution
		{DC1040C0-F638-4294-BB64-232F9AACAD1F}.Debug|Any CPU.ActiveCfg = Debug|Any CPU
		{DC1040C0-F638-4294-BB64-232F9AACAD1F}.Debug|Any CPU.Build.0 = Debug|Any CPU
		{DC1040C0-F638-4294-BB64-232F9AACAD1F}.Release|Any CPU.ActiveCfg = Release|Any CPU
		{DC1040C0-F638-4294-BB64-232F9AACAD1F}.Release|Any CPU.Build.0 = Release|Any CPU
	EndGlobalSection
	GlobalSection(SolutionProperties) = preSolution
		HideSolutionNode = FALSE
	EndGlobalSection
	GlobalSection(ExtensibilityGlobals) = postSolution
		SolutionGuid = {542E91A7-A4F9-4AB1-A756-EFD02BA09FCC}
	EndGlobalSection
EndGlobal
